
Microsoft Visual Studio Solution File, Format Version 12.00
# Visual Studio Version 17
VisualStudioVersion = 17.0.32112.339
MinimumVisualStudioVersion = 10.0.40219.1
Project("{8BC9CEB8-8B4A-11D0-8D11-00A0C91BC942}") = "C++Primier", "C++Primier.vcxproj", "{56F1F3FC-DFEF-451A-A851-C1E2218B1CD4}"
EndProject
Global
	GlobalSection(SolutionConfigurationPlatforms) = preSolution
		Debug|x64 = Debug|x64
		Debug|x86 = Debug|x86
		Release|x64 = Release|x64
		Release|x86 = Release|x86
	EndGlobalSection
	GlobalSection(ProjectConfigurationPlatforms) = postSolution
		{56F1F3FC-DFEF-451A-A851-C1E2218B1CD4}.Debug|x64.ActiveCfg = Debug|x64
		{56F1F3FC-DFEF-451A-A851-C1E2218B1CD4}.Debug|x64.Build.0 = Debug|x64
		{56F1F3FC-DFEF-451A-A851-C1E2218B1CD4}.Debug|x86.ActiveCfg = Debug|Win32
		{56F1F3FC-DFEF-451A-A851-C1E2218B1CD4}.Debug|x86.Build.0 = Debug|Win32
		{56F1F3FC-DFEF-451A-A851-C1E2218B1CD4}.Release|x64.ActiveCfg = Release|x64
		{56F1F3FC-DFEF-451A-A851-C1E2218B1CD4}.Release|x64.Build.0 = Release|x64
		{56F1F3FC-DFEF-451A-A851-C1E2218B1CD4}.Release|x86.ActiveCfg = Release|Win32
		{56F1F3FC-DFEF-451A-A851-C1E2218B1CD4}.Release|x86.Build.0 = Release|Win32
	EndGlobalSection
	GlobalSection(SolutionProperties) = preSolution
		HideSolutionNode = FALSE
	EndGlobalSection
	GlobalSection(ExtensibilityGlobals) = postSolution
		SolutionGuid = {4C45A5E0-8D92-4281-9C3D-570ABF18CE7D}
	EndGlobalSection
EndGlobal
